# This file is automatically @generated by Cargo.
# It is not intended for manual editing.
version = 3

[[package]]
name = "cc"
version = "1.0.78"
source = "registry+https://github.com/rust-lang/crates.io-index"
checksum = "a20104e2335ce8a659d6dd92a51a767a0c062599c73b343fd152cb401e828c3d"

[[package]]
name = "parasite"
version = "0.1.0"
dependencies = [
 "syscalls",
]

[[package]]
name = "syscalls"
version = "0.6.7"
source = "registry+https://github.com/rust-lang/crates.io-index"
checksum = "535e4a480d47370482f8251117cba053e32067862c439dcd4c9ea4026d08f88e"
dependencies = [
 "cc",
]

[[patch.unused]]
name = "nix"
version = "0.26.1"

[[patch.unused]]
name = "procfs"
version = "0.14.2"

[[patch.unused]]
name = "vsprintf"
version = "2.0.0"
